PODS:
  - SACPI (1.0.4):
    - SAModelSpace (= 0.4.5)
    - SANetworking (= 0.2.9)
    - SASession (= 0.3.5)
    - SAUtils (= 1.5.0)
  - SAJsonParser (1.3.2)
  - SAModelSpace (0.4.5):
    - SAJsonParser (= 1.3.2)
    - SAUtils (= 1.5.0)
  - SANetworking (0.2.9)
  - SASession (0.3.5):
    - SAUtils (= 1.5.0)
  - SAUtils (1.5.0)

DEPENDENCIES:
  - SACPI (from `../`)

EXTERNAL SOURCES:
  SACPI:
    :path: ../

SPEC CHECKSUMS:
  SACPI: 3625601542bf50186a8389aa40b95678e4004cea
  SAJsonParser: d0db6d8c737c04f8bf4e9474e82825347aa24f58
  SAModelSpace: 026bb1509bfce0005a3ff69f8ce2bd9455a07555
  SANetworking: 40e2a8ffd5c680be57dfd91426f3c74933ad1d80
  SASession: 132766325ba7bf55d283bb3bfa4bc5a8c470347e
  SAUtils: 1e8b881ca8c7fac2749c8fd9b851f0b344611035

PODFILE CHECKSUM: 50a1617d913c6682c558f2c3345ad4f0dd02a7a4

COCOAPODS: 1.2.0.beta.1
